
Microsoft Visual Studio Solution File, Format Version 12.00
# Visual Studio Version 17
VisualStudioVersion = 17.3.32811.315
MinimumVisualStudioVersion = 10.0.40219.1
Project("{FAE04EC0-301F-11D3-BF4B-00C04F79EFBC}") = "X-O", "X-O\X-O.csproj", "{5EC0BF40-D9C1-40F4-962E-E717657C973D}"
EndProject
Global
	GlobalSection(SolutionConfigurationPlatforms) = preSolution
		Debug|Any CPU = Debug|Any CPU
		Release|Any CPU = Release|Any CPU
	EndGlobalSection
	GlobalSection(ProjectConfigurationPlatforms) = postSolution
		{5EC0BF40-D9C1-40F4-962E-E717657C973D}.Debug|Any CPU.ActiveCfg = Debug|Any CPU
		{5EC0BF40-D9C1-40F4-962E-E717657C973D}.Debug|Any CPU.Build.0 = Debug|Any CPU
		{5EC0BF40-D9C1-40F4-962E-E717657C973D}.Release|Any CPU.ActiveCfg = Release|Any CPU
		{5EC0BF40-D9C1-40F4-962E-E717657C973D}.Release|Any CPU.Build.0 = Release|Any CPU
	EndGlobalSection
	GlobalSection(SolutionProperties) = preSolution
		HideSolutionNode = FALSE
	EndGlobalSection
	GlobalSection(ExtensibilityGlobals) = postSolution
		SolutionGuid = {032EEC5A-AB5D-4DA9-887A-E63349AF0095}
	EndGlobalSection
EndGlobal
